PackratFormat: 1.4
PackratVersion: 0.4.8.15
RVersion: 3.4.0
Repos: CRAN=http://cran.rstudio.com/,
    BioCsoft=https://bioconductor.org/packages/3.5/bioc,
    BioCann=https://bioconductor.org/packages/3.5/data/annotation,
    BioCexp=https://bioconductor.org/packages/3.5/data/experiment,
    BioCextra=https://bioconductor.org/packages/3.5/extra

Package: ALL
Source: Bioconductor
Version: 1.18.0
Hash: ce086842a5adb81e7efed8fb30b7e25a

Package: AnnotationDbi
Source: Bioconductor
Version: 1.38.0
Hash: 879980535749e56ece45e5d56f2efc43

Package: BH
Source: CRAN
Version: 1.62.0-1
Hash: 14dfb3e8ffe20996118306ff4de1fab2

Package: Biobase
Source: Bioconductor
Version: 2.36.0
Hash: b18001deb83474e5b5b3ec82ada0810f

Package: BiocGenerics
Source: Bioconductor
Version: 0.22.0
Hash: fd6216a003826bcd84b2327206b9cb1a

Package: ConsensusClusterPlus
Source: Bioconductor
Version: 1.40.0
Hash: 5eb28616a70bceab95ceef823b60a81f

Package: DBI
Source: CRAN
Version: 0.6-1
Hash: 4aef5bda70897c1663d5b8bae2f4419a

Package: GEOquery
Source: Bioconductor
Version: 2.42.0
Hash: e74418374f9054a5d50b7c99a14cf816

Package: IRanges
Source: Bioconductor
Version: 2.10.0
Hash: c73869476797c232e297cd4d450c9599

Package: R6
Source: CRAN
Version: 2.2.0
Hash: 712773a3439bd32db5c40938e1a9aac2

Package: RCurl
Source: CRAN
Version: 1.95-4.8
Hash: 79c7d5a8684e44e0e3426d3093aa7d90

Package: RSQLite
Source: CRAN
Version: 1.1-2
Hash: 100a22d6b04ccc294a698ad7f8494e91

Package: Rcpp
Source: CRAN
Version: 0.12.10
Hash: 6cf65d0dd6a92f2d43c8d4805d33efe9

Package: S4Vectors
Source: Bioconductor
Version: 0.14.0
Hash: 220f5a8fd6d0d8cb707aa94ea1900921

Package: XML
Source: CRAN
Version: 3.98-1.6
Hash: 7a44444c1f68230e5a1de9ac9eddb709

Package: annotate
Source: Bioconductor
Version: 1.54.0
Hash: 6dca0f06539628e2c75553496bb69ba2

Package: backports
Source: CRAN
Version: 1.0.5
Hash: 8b835bdc5447f2c76fda198e17d6bda4

Package: base64enc
Source: CRAN
Version: 0.1-3
Hash: c590d29e555926af053055e23ee79efb

Package: bitops
Source: CRAN
Version: 1.0-6
Hash: 67d0775189fd0041d95abca618c5c07e

Package: caTools
Source: CRAN
Version: 1.17.1
Hash: 97cb6f6293cd18d17df77a6383cc6763

Package: curl
Source: CRAN
Version: 2.6
Hash: 8162b82ca4809c0d63c30aedbd7348e0

Package: digest
Source: CRAN
Version: 0.6.12
Hash: e53fb8c58673df868183697e39a6a4d6

Package: evaluate
Source: CRAN
Version: 0.10
Hash: c3601a10c987d439e0c63ec635234a76

Package: genefilter
Source: Bioconductor
Version: 1.58.0
Hash: 66e03c96afbe425296344846fa06a5b2

Package: highr
Source: CRAN
Version: 0.6
Hash: aa3d5b7912b5fed4b546ed5cd2a1760b

Package: hta20transcriptcluster.db
Source: Bioconductor
Version: 8.6.0
Hash: 1f60d6e6d5d6c0aa41164cc10ff2a9ea

Package: htmltools
Source: CRAN
Version: 0.3.5
Hash: 3411e0671a44177109dc1a9e4a6bd2a4

Package: httpuv
Source: CRAN
Version: 1.3.3
Hash: 15df1efb155731a0ac9c0bfd84f13499

Package: httr
Source: CRAN
Version: 1.2.1
Hash: 7de1f8f760441881804af7c1ff324340

Package: impute
Source: Bioconductor
Version: 1.50.0
Hash: 98e4393ebf9cc59ddcfdb8a074c461cc

Package: jsonlite
Source: CRAN
Version: 1.3
Hash: b9cc3c97b7a6cd513e9b516fe881d6c9

Package: knitr
Source: CRAN
Version: 1.15.1
Hash: eed7437e2b614c9e3923b7932b16ac97

Package: limma
Source: Bioconductor
Version: 3.32.1
Hash: 57d85cd816f01f7fc5407dc0e65c663e

Package: magrittr
Source: CRAN
Version: 1.5
Hash: bdc4d48c3135e8f3b399536ddf160df4

Package: markdown
Source: CRAN
Version: 0.7.7
Hash: fea2343a1119d61b0cc5c0a950d103a3

Package: matrixStats
Source: CRAN
Version: 0.52.2
Hash: 6488b8966b761e99eb2ccb3e6ab09ba7

Package: memoise
Source: CRAN
Version: 1.1.0
Hash: 410fcd334bc626db100237cc1370f2e9

Package: mime
Source: CRAN
Version: 0.5
Hash: 463550cf44fb6f0a2359368f42eebe62

Package: openssl
Source: CRAN
Version: 0.9.6
Hash: 5f4711e142a44655dfea4d64fcf2f641

Package: org.Hs.eg.db
Source: Bioconductor
Version: 3.4.1
Hash: c1fc734181596d96b11166129f731f9b

Package: packrat
Source: github
Version: 0.4.8-15
Hash: 1a16f79589f4248cae435c7d4447005d
GithubRepo: packrat
GithubUsername: rstudio
GithubRef: master
GithubSha1: a51d1364756aad73681623ca6dab165a5c7fe238

Package: plogr
Source: CRAN
Version: 0.1-1
Hash: fb19215402e2d9f1c7f803dcaa806fc2

Package: rmarkdown
Source: CRAN
Version: 1.4
Hash: 030a6baa0a39c528665ed80d14992c11

Package: rprojroot
Source: CRAN
Version: 1.2
Hash: fdcac51a7f47decd60556ceefc3c26b1

Package: samr
Source: CRAN
Version: 2.0
Hash: 51f28ba97eb2ba459eff1820aa50d387

Package: shiny
Source: CRAN
Version: 1.0.1
Hash: 26d81d2e377b54e68a02f3651c39df81

Package: sourcetools
Source: CRAN
Version: 0.1.5
Hash: 04ddeb1c288302222562326a471e2945

Package: stringi
Source: CRAN
Version: 1.1.3
Hash: 458dfc7d682c0f80909521fe482f7c6d

Package: stringr
Source: CRAN
Version: 1.2.0
Hash: 25a86d7f410513ebb7c0bc6a5e16bdc3

Package: xtable
Source: CRAN
Version: 1.8-2
Hash: 7293235cfcc14cdff1ce7fd1a0212031

Package: yaml
Source: CRAN
Version: 2.1.14
Hash: c81230c3a7d9ba20607ad6b4331173d1
